
Microsoft Visual Studio Solution File, Format Version 12.00
# Visual Studio Version 18
VisualStudioVersion = 18.0.11205.157 d18.0
MinimumVisualStudioVersion = 10.0.40219.1
Project("{FAE04EC0-301F-11D3-BF4B-00C04F79EFBC}") = "CokoBot.App", "CokoBot.App\CokoBot.App.csproj", "{D243E6D6-54D7-4DF2-8ECB-98F8D9D3FA23}"
	ProjectSection(ProjectDependencies) = postProject
		{3FF16CA3-6BDC-410D-A20D-3C5BD7B34441} = {3FF16CA3-6BDC-410D-A20D-3C5BD7B34441}
	EndProjectSection
EndProject
Project("{FAE04EC0-301F-11D3-BF4B-00C04F79EFBC}") = "CokoBot.Core", "CokoBot.Core\CokoBot.Core.csproj", "{680C1D75-541E-4B6F-841E-6E6D9A5B7597}"
EndProject
Project("{FAE04EC0-301F-11D3-BF4B-00C04F79EFBC}") = "CokoBot.DailySong", "CokoBot.DailySong\CokoBot.DailySong.csproj", "{0D492D3E-BEBA-4E17-BC89-A5F588734EA4}"
EndProject
Project("{FAE04EC0-301F-11D3-BF4B-00C04F79EFBC}") = "CokoBot.AI", "CokoBot.AI\CokoBot.AI.csproj", "{3FF16CA3-6BDC-410D-A20D-3C5BD7B34441}"
	ProjectSection(ProjectDependencies) = postProject
		{680C1D75-541E-4B6F-841E-6E6D9A5B7597} = {680C1D75-541E-4B6F-841E-6E6D9A5B7597}
	EndProjectSection
EndProject
Global
	GlobalSection(SolutionConfigurationPlatforms) = preSolution
		Debug|Any CPU = Debug|Any CPU
		Debug|x64 = Debug|x64
		Debug|x86 = Debug|x86
		Release|Any CPU = Release|Any CPU
		Release|x64 = Release|x64
		Release|x86 = Release|x86
	EndGlobalSection
	GlobalSection(ProjectConfigurationPlatforms) = postSolution
		{D243E6D6-54D7-4DF2-8ECB-98F8D9D3FA23}.Debug|Any CPU.ActiveCfg = Debug|Any CPU
		{D243E6D6-54D7-4DF2-8ECB-98F8D9D3FA23}.Debug|Any CPU.Build.0 = Debug|Any CPU
		{D243E6D6-54D7-4DF2-8ECB-98F8D9D3FA23}.Debug|x64.ActiveCfg = Debug|Any CPU
		{D243E6D6-54D7-4DF2-8ECB-98F8D9D3FA23}.Debug|x64.Build.0 = Debug|Any CPU
		{D243E6D6-54D7-4DF2-8ECB-98F8D9D3FA23}.Debug|x86.ActiveCfg = Debug|Any CPU
		{D243E6D6-54D7-4DF2-8ECB-98F8D9D3FA23}.Debug|x86.Build.0 = Debug|Any CPU
		{D243E6D6-54D7-4DF2-8ECB-98F8D9D3FA23}.Release|Any CPU.ActiveCfg = Release|Any CPU
		{D243E6D6-54D7-4DF2-8ECB-98F8D9D3FA23}.Release|Any CPU.Build.0 = Release|Any CPU
		{D243E6D6-54D7-4DF2-8ECB-98F8D9D3FA23}.Release|x64.ActiveCfg = Release|Any CPU
		{D243E6D6-54D7-4DF2-8ECB-98F8D9D3FA23}.Release|x64.Build.0 = Release|Any CPU
		{D243E6D6-54D7-4DF2-8ECB-98F8D9D3FA23}.Release|x86.ActiveCfg = Release|Any CPU
		{D243E6D6-54D7-4DF2-8ECB-98F8D9D3FA23}.Release|x86.Build.0 = Release|Any CPU
		{680C1D75-541E-4B6F-841E-6E6D9A5B7597}.Debug|Any CPU.ActiveCfg = Debug|Any CPU
		{680C1D75-541E-4B6F-841E-6E6D9A5B7597}.Debug|Any CPU.Build.0 = Debug|Any CPU
		{680C1D75-541E-4B6F-841E-6E6D9A5B7597}.Debug|x64.ActiveCfg = Debug|Any CPU
		{680C1D75-541E-4B6F-841E-6E6D9A5B7597}.Debug|x64.Build.0 = Debug|Any CPU
		{680C1D75-541E-4B6F-841E-6E6D9A5B7597}.Debug|x86.ActiveCfg = Debug|Any CPU
		{680C1D75-541E-4B6F-841E-6E6D9A5B7597}.Debug|x86.Build.0 = Debug|Any CPU
		{680C1D75-541E-4B6F-841E-6E6D9A5B7597}.Release|Any CPU.ActiveCfg = Release|Any CPU
		{680C1D75-541E-4B6F-841E-6E6D9A5B7597}.Release|Any CPU.Build.0 = Release|Any CPU
		{680C1D75-541E-4B6F-841E-6E6D9A5B7597}.Release|x64.ActiveCfg = Release|Any CPU
		{680C1D75-541E-4B6F-841E-6E6D9A5B7597}.Release|x64.Build.0 = Release|Any CPU
		{680C1D75-541E-4B6F-841E-6E6D9A5B7597}.Release|x86.ActiveCfg = Release|Any CPU
		{680C1D75-541E-4B6F-841E-6E6D9A5B7597}.Release|x86.Build.0 = Release|Any CPU
		{0D492D3E-BEBA-4E17-BC89-A5F588734EA4}.Debug|Any CPU.ActiveCfg = Debug|Any CPU
		{0D492D3E-BEBA-4E17-BC89-A5F588734EA4}.Debug|Any CPU.Build.0 = Debug|Any CPU
		{0D492D3E-BEBA-4E17-BC89-A5F588734EA4}.Debug|x64.ActiveCfg = Debug|Any CPU
		{0D492D3E-BEBA-4E17-BC89-A5F588734EA4}.Debug|x64.Build.0 = Debug|Any CPU
		{0D492D3E-BEBA-4E17-BC89-A5F588734EA4}.Debug|x86.ActiveCfg = Debug|Any CPU
		{0D492D3E-BEBA-4E17-BC89-A5F588734EA4}.Debug|x86.Build.0 = Debug|Any CPU
		{0D492D3E-BEBA-4E17-BC89-A5F588734EA4}.Release|Any CPU.ActiveCfg = Release|Any CPU
		{0D492D3E-BEBA-4E17-BC89-A5F588734EA4}.Release|Any CPU.Build.0 = Release|Any CPU
		{0D492D3E-BEBA-4E17-BC89-A5F588734EA4}.Release|x64.ActiveCfg = Release|Any CPU
		{0D492D3E-BEBA-4E17-BC89-A5F588734EA4}.Release|x64.Build.0 = Release|Any CPU
		{0D492D3E-BEBA-4E17-BC89-A5F588734EA4}.Release|x86.ActiveCfg = Release|Any CPU
		{0D492D3E-BEBA-4E17-BC89-A5F588734EA4}.Release|x86.Build.0 = Release|Any CPU
		{3FF16CA3-6BDC-410D-A20D-3C5BD7B34441}.Debug|Any CPU.ActiveCfg = Debug|Any CPU
		{3FF16CA3-6BDC-410D-A20D-3C5BD7B34441}.Debug|Any CPU.Build.0 = Debug|Any CPU
		{3FF16CA3-6BDC-410D-A20D-3C5BD7B34441}.Debug|x64.ActiveCfg = Debug|Any CPU
		{3FF16CA3-6BDC-410D-A20D-3C5BD7B34441}.Debug|x64.Build.0 = Debug|Any CPU
		{3FF16CA3-6BDC-410D-A20D-3C5BD7B34441}.Debug|x86.ActiveCfg = Debug|Any CPU
		{3FF16CA3-6BDC-410D-A20D-3C5BD7B34441}.Debug|x86.Build.0 = Debug|Any CPU
		{3FF16CA3-6BDC-410D-A20D-3C5BD7B34441}.Release|Any CPU.ActiveCfg = Release|Any CPU
		{3FF16CA3-6BDC-410D-A20D-3C5BD7B34441}.Release|Any CPU.Build.0 = Release|Any CPU
		{3FF16CA3-6BDC-410D-A20D-3C5BD7B34441}.Release|x64.ActiveCfg = Release|Any CPU
		{3FF16CA3-6BDC-410D-A20D-3C5BD7B34441}.Release|x64.Build.0 = Release|Any CPU
		{3FF16CA3-6BDC-410D-A20D-3C5BD7B34441}.Release|x86.ActiveCfg = Release|Any CPU
		{3FF16CA3-6BDC-410D-A20D-3C5BD7B34441}.Release|x86.Build.0 = Release|Any CPU
	EndGlobalSection
	GlobalSection(SolutionProperties) = preSolution
		HideSolutionNode = FALSE
	EndGlobalSection
	GlobalSection(ExtensibilityGlobals) = postSolution
		SolutionGuid = {54E14D25-5556-4EA8-8617-B8AC3B7014FA}
	EndGlobalSection
EndGlobal
